
Microsoft Visual Studio Solution File, Format Version 12.00
# Visual Studio Version 17
VisualStudioVersion = 17.8.34525.116
MinimumVisualStudioVersion = 10.0.40219.1
Project("{FAE04EC0-301F-11D3-BF4B-00C04F79EFBC}") = "RAiso", "RAiso\RAiso.csproj", "{87F0A583-B80C-4674-A98D-D21A115BA193}"
EndProject
Global
	GlobalSection(SolutionConfigurationPlatforms) = preSolution
		Debug|Any CPU = Debug|Any CPU
		Release|Any CPU = Release|Any CPU
	EndGlobalSection
	GlobalSection(ProjectConfigurationPlatforms) = postSolution
		{87F0A583-B80C-4674-A98D-D21A115BA193}.Debug|Any CPU.ActiveCfg = Debug|Any CPU
		{87F0A583-B80C-4674-A98D-D21A115BA193}.Debug|Any CPU.Build.0 = Debug|Any CPU
		{87F0A583-B80C-4674-A98D-D21A115BA193}.Release|Any CPU.ActiveCfg = Release|Any CPU
		{87F0A583-B80C-4674-A98D-D21A115BA193}.Release|Any CPU.Build.0 = Release|Any CPU
	EndGlobalSection
	GlobalSection(SolutionProperties) = preSolution
		HideSolutionNode = FALSE
	EndGlobalSection
	GlobalSection(ExtensibilityGlobals) = postSolution
		SolutionGuid = {8DEB1E95-6C28-4852-ADE8-8AF560E3D277}
	EndGlobalSection
EndGlobal
